
Microsoft Visual Studio Solution File, Format Version 12.00
# Visual Studio Version 17
VisualStudioVersion = 17.4.33122.133
MinimumVisualStudioVersion = 10.0.40219.1
Project("{9A19103F-16F7-4668-BE54-9A1E7A4F7556}") = "web-app-crud-contacts", "web-app-crud-contacts.csproj", "{603C083D-B6C4-4C05-A845-A3BC1023DE6D}"
EndProject
Global
	GlobalSection(SolutionConfigurationPlatforms) = preSolution
		Debug|Any CPU = Debug|Any CPU
		Release|Any CPU = Release|Any CPU
	EndGlobalSection
	GlobalSection(ProjectConfigurationPlatforms) = postSolution
		{603C083D-B6C4-4C05-A845-A3BC1023DE6D}.Debug|Any CPU.ActiveCfg = Debug|Any CPU
		{603C083D-B6C4-4C05-A845-A3BC1023DE6D}.Debug|Any CPU.Build.0 = Debug|Any CPU
		{603C083D-B6C4-4C05-A845-A3BC1023DE6D}.Release|Any CPU.ActiveCfg = Release|Any CPU
		{603C083D-B6C4-4C05-A845-A3BC1023DE6D}.Release|Any CPU.Build.0 = Release|Any CPU
	EndGlobalSection
	GlobalSection(SolutionProperties) = preSolution
		HideSolutionNode = FALSE
	EndGlobalSection
	GlobalSection(ExtensibilityGlobals) = postSolution
		SolutionGuid = {0BB73812-9CD2-4751-8C47-331737B02E35}
	EndGlobalSection
EndGlobal
